
Microsoft Visual Studio Solution File, Format Version 12.00
# Visual Studio 15
VisualStudioVersion = 15.0.26124.0
MinimumVisualStudioVersion = 15.0.26124.0
Project("{FAE04EC0-301F-11D3-BF4B-00C04F79EFBC}") = "ProAgil.Api", "ProAgil.Api\ProAgil.Api.csproj", "{1F531D93-562D-4E49-95FC-B36548F41F4C}"
EndProject
Project("{FAE04EC0-301F-11D3-BF4B-00C04F79EFBC}") = "ProAgil.Repository", "ProAgil.Repository\ProAgil.Repository.csproj", "{63F7C446-DFEC-4A2B-812A-98BE79106BAF}"
EndProject
Project("{FAE04EC0-301F-11D3-BF4B-00C04F79EFBC}") = "ProAgil.Domain", "ProAgil.Domain\ProAgil.Domain.csproj", "{F8B72354-DDAE-40BC-A69D-B65574E549E3}"
EndProject
Global
	GlobalSection(SolutionConfigurationPlatforms) = preSolution
		Debug|Any CPU = Debug|Any CPU
		Debug|x64 = Debug|x64
		Debug|x86 = Debug|x86
		Release|Any CPU = Release|Any CPU
		Release|x64 = Release|x64
		Release|x86 = Release|x86
	EndGlobalSection
	GlobalSection(SolutionProperties) = preSolution
		HideSolutionNode = FALSE
	EndGlobalSection
	GlobalSection(ProjectConfigurationPlatforms) = postSolution
		{1F531D93-562D-4E49-95FC-B36548F41F4C}.Debug|Any CPU.ActiveCfg = Debug|Any CPU
		{1F531D93-562D-4E49-95FC-B36548F41F4C}.Debug|Any CPU.Build.0 = Debug|Any CPU
		{1F531D93-562D-4E49-95FC-B36548F41F4C}.Debug|x64.ActiveCfg = Debug|Any CPU
		{1F531D93-562D-4E49-95FC-B36548F41F4C}.Debug|x64.Build.0 = Debug|Any CPU
		{1F531D93-562D-4E49-95FC-B36548F41F4C}.Debug|x86.ActiveCfg = Debug|Any CPU
		{1F531D93-562D-4E49-95FC-B36548F41F4C}.Debug|x86.Build.0 = Debug|Any CPU
		{1F531D93-562D-4E49-95FC-B36548F41F4C}.Release|Any CPU.ActiveCfg = Release|Any CPU
		{1F531D93-562D-4E49-95FC-B36548F41F4C}.Release|Any CPU.Build.0 = Release|Any CPU
		{1F531D93-562D-4E49-95FC-B36548F41F4C}.Release|x64.ActiveCfg = Release|Any CPU
		{1F531D93-562D-4E49-95FC-B36548F41F4C}.Release|x64.Build.0 = Release|Any CPU
		{1F531D93-562D-4E49-95FC-B36548F41F4C}.Release|x86.ActiveCfg = Release|Any CPU
		{1F531D93-562D-4E49-95FC-B36548F41F4C}.Release|x86.Build.0 = Release|Any CPU
		{63F7C446-DFEC-4A2B-812A-98BE79106BAF}.Debug|Any CPU.ActiveCfg = Debug|Any CPU
		{63F7C446-DFEC-4A2B-812A-98BE79106BAF}.Debug|Any CPU.Build.0 = Debug|Any CPU
		{63F7C446-DFEC-4A2B-812A-98BE79106BAF}.Debug|x64.ActiveCfg = Debug|Any CPU
		{63F7C446-DFEC-4A2B-812A-98BE79106BAF}.Debug|x64.Build.0 = Debug|Any CPU
		{63F7C446-DFEC-4A2B-812A-98BE79106BAF}.Debug|x86.ActiveCfg = Debug|Any CPU
		{63F7C446-DFEC-4A2B-812A-98BE79106BAF}.Debug|x86.Build.0 = Debug|Any CPU
		{63F7C446-DFEC-4A2B-812A-98BE79106BAF}.Release|Any CPU.ActiveCfg = Release|Any CPU
		{63F7C446-DFEC-4A2B-812A-98BE79106BAF}.Release|Any CPU.Build.0 = Release|Any CPU
		{63F7C446-DFEC-4A2B-812A-98BE79106BAF}.Release|x64.ActiveCfg = Release|Any CPU
		{63F7C446-DFEC-4A2B-812A-98BE79106BAF}.Release|x64.Build.0 = Release|Any CPU
		{63F7C446-DFEC-4A2B-812A-98BE79106BAF}.Release|x86.ActiveCfg = Release|Any CPU
		{63F7C446-DFEC-4A2B-812A-98BE79106BAF}.Release|x86.Build.0 = Release|Any CPU
		{F8B72354-DDAE-40BC-A69D-B65574E549E3}.Debug|Any CPU.ActiveCfg = Debug|Any CPU
		{F8B72354-DDAE-40BC-A69D-B65574E549E3}.Debug|Any CPU.Build.0 = Debug|Any CPU
		{F8B72354-DDAE-40BC-A69D-B65574E549E3}.Debug|x64.ActiveCfg = Debug|Any CPU
		{F8B72354-DDAE-40BC-A69D-B65574E549E3}.Debug|x64.Build.0 = Debug|Any CPU
		{F8B72354-DDAE-40BC-A69D-B65574E549E3}.Debug|x86.ActiveCfg = Debug|Any CPU
		{F8B72354-DDAE-40BC-A69D-B65574E549E3}.Debug|x86.Build.0 = Debug|Any CPU
		{F8B72354-DDAE-40BC-A69D-B65574E549E3}.Release|Any CPU.ActiveCfg = Release|Any CPU
		{F8B72354-DDAE-40BC-A69D-B65574E549E3}.Release|Any CPU.Build.0 = Release|Any CPU
		{F8B72354-DDAE-40BC-A69D-B65574E549E3}.Release|x64.ActiveCfg = Release|Any CPU
		{F8B72354-DDAE-40BC-A69D-B65574E549E3}.Release|x64.Build.0 = Release|Any CPU
		{F8B72354-DDAE-40BC-A69D-B65574E549E3}.Release|x86.ActiveCfg = Release|Any CPU
		{F8B72354-DDAE-40BC-A69D-B65574E549E3}.Release|x86.Build.0 = Release|Any CPU
	EndGlobalSection
EndGlobal
